{
  "requires": true,
  "lockfileVersion": 1,
  "dependencies": {
    "chartjs-adapter-luxon": {
      "version": "1.2.0",
      "resolved": "https://registry.npmjs.org/chartjs-adapter-luxon/-/chartjs-adapter-luxon-1.2.0.tgz",
      "integrity": "sha512-h1lEns7+8cUN/Dmk24dhrT9hpAimKImQxzHpILqXn2kocdzj9b/fDlBa8v8/OMq5rq0uZEx/NV1WpByH4l2/Rw=="
    },
    "luxon": {
      "version": "3.0.3",
      "resolved": "https://registry.npmjs.org/luxon/-/luxon-3.0.3.tgz",
      "integrity": "sha512-+EfHWnF+UT7GgTnq5zXg3ldnTKL2zdv7QJgsU5bjjpbH17E3qi/puMhQyJVYuCq+FRkogvB5WB6iVvUr+E4a7w=="
    }
  }
}
